
Microsoft Visual Studio Solution File, Format Version 12.00
# Visual Studio Version 17
VisualStudioVersion = 17.11.35327.3
MinimumVisualStudioVersion = 10.0.40219.1
Project("{8BC9CEB8-8B4A-11D0-8D11-00A0C91BC942}") = "task_1", "task_1\task_1.vcxproj", "{505D65D3-B4B1-499F-AC6E-E23AB6CAFD45}"
EndProject
Global
	GlobalSection(SolutionConfigurationPlatforms) = preSolution
		Debug|x64 = Debug|x64
		Debug|x86 = Debug|x86
		Release|x64 = Release|x64
		Release|x86 = Release|x86
	EndGlobalSection
	GlobalSection(ProjectConfigurationPlatforms) = postSolution
		{505D65D3-B4B1-499F-AC6E-E23AB6CAFD45}.Debug|x64.ActiveCfg = Debug|x64
		{505D65D3-B4B1-499F-AC6E-E23AB6CAFD45}.Debug|x64.Build.0 = Debug|x64
		{505D65D3-B4B1-499F-AC6E-E23AB6CAFD45}.Debug|x86.ActiveCfg = Debug|Win32
		{505D65D3-B4B1-499F-AC6E-E23AB6CAFD45}.Debug|x86.Build.0 = Debug|Win32
		{505D65D3-B4B1-499F-AC6E-E23AB6CAFD45}.Release|x64.ActiveCfg = Release|x64
		{505D65D3-B4B1-499F-AC6E-E23AB6CAFD45}.Release|x64.Build.0 = Release|x64
		{505D65D3-B4B1-499F-AC6E-E23AB6CAFD45}.Release|x86.ActiveCfg = Release|Win32
		{505D65D3-B4B1-499F-AC6E-E23AB6CAFD45}.Release|x86.Build.0 = Release|Win32
	EndGlobalSection
	GlobalSection(SolutionProperties) = preSolution
		HideSolutionNode = FALSE
	EndGlobalSection
	GlobalSection(ExtensibilityGlobals) = postSolution
		SolutionGuid = {D71528EE-C344-4D23-8AD6-C27C22720BF7}
	EndGlobalSection
EndGlobal
